
Microsoft Visual Studio Solution File, Format Version 12.00
# Visual Studio 15
VisualStudioVersion = 15.0.26730.16
MinimumVisualStudioVersion = 10.0.40219.1
Project("{FAE04EC0-301F-11D3-BF4B-00C04F79EFBC}") = "WebApiBrownBag", "WebApiBrownBag\WebApiBrownBag.csproj", "{7857CE60-093A-40E4-9DDB-058565554C53}"
EndProject
Global
	GlobalSection(SolutionConfigurationPlatforms) = preSolution
		Debug|Any CPU = Debug|Any CPU
		Release|Any CPU = Release|Any CPU
	EndGlobalSection
	GlobalSection(ProjectConfigurationPlatforms) = postSolution
		{7857CE60-093A-40E4-9DDB-058565554C53}.Debug|Any CPU.ActiveCfg = Debug|Any CPU
		{7857CE60-093A-40E4-9DDB-058565554C53}.Debug|Any CPU.Build.0 = Debug|Any CPU
		{7857CE60-093A-40E4-9DDB-058565554C53}.Release|Any CPU.ActiveCfg = Release|Any CPU
		{7857CE60-093A-40E4-9DDB-058565554C53}.Release|Any CPU.Build.0 = Release|Any CPU
	EndGlobalSection
	GlobalSection(SolutionProperties) = preSolution
		HideSolutionNode = FALSE
	EndGlobalSection
	GlobalSection(ExtensibilityGlobals) = postSolution
		SolutionGuid = {F163259F-2C37-42AF-B271-84AA96BFA310}
	EndGlobalSection
EndGlobal
